<Solution>
  <Project Path="DurableAgent.Core.Tests/DurableAgent.Core.Tests.csproj" />
  <Project Path="DurableAgent.Core/DurableAgent.Core.csproj" />
  <Project Path="DurableAgent.Functions.Tests/DurableAgent.Functions.Tests.csproj" />
  <Project Path="DurableAgent.Functions/DurableAgent.Functions.csproj" />
  <Project Path="DurableAgent.Web/DurableAgent.Web.csproj" />
</Solution>
